
Microsoft Visual Studio Solution File, Format Version 12.00
# Visual Studio 15
VisualStudioVersion = 15.0.26228.9
MinimumVisualStudioVersion = 10.0.40219.1
Project("{FAE04EC0-301F-11D3-BF4B-00C04F79EFBC}") = "Neural.NET", "Neural.NET\Neural.NET.csproj", "{2188D83B-B5D4-40A2-93A0-ABDC83CD8DFC}"
EndProject
Global
	GlobalSection(SolutionConfigurationPlatforms) = preSolution
		Debug|Any CPU = Debug|Any CPU
		Release|Any CPU = Release|Any CPU
	EndGlobalSection
	GlobalSection(ProjectConfigurationPlatforms) = postSolution
		{2188D83B-B5D4-40A2-93A0-ABDC83CD8DFC}.Debug|Any CPU.ActiveCfg = Debug|Any CPU
		{2188D83B-B5D4-40A2-93A0-ABDC83CD8DFC}.Debug|Any CPU.Build.0 = Debug|Any CPU
		{2188D83B-B5D4-40A2-93A0-ABDC83CD8DFC}.Release|Any CPU.ActiveCfg = Release|Any CPU
		{2188D83B-B5D4-40A2-93A0-ABDC83CD8DFC}.Release|Any CPU.Build.0 = Release|Any CPU
	EndGlobalSection
	GlobalSection(SolutionProperties) = preSolution
		HideSolutionNode = FALSE
	EndGlobalSection
EndGlobal
